github.com/aws/aws-sdk-go-v2 v1.41.1 h1:ABlyEARCDLN034NhxlRUSZr4l71mh+T5KAeGh6cerhU=
github.com/aws/aws-sdk-go-v2 v1.41.1/go.mod h1:MayyLB8y+buD9hZqkCW3kX1AKq07Y5pXxtgB+rRFhz0=
github.com/aws/aws-sdk-go-v2 v1.41.2 h1:LuT2rzqNQsauaGkPK/7813XxcZ3o3yePY0Iy891T2ls=
github.com/aws/aws-sdk-go-v2 v1.41.2/go.mod h1:IvvlAZQXvTXznUPfRVfryiG1fbzE2NGK6m9u39YQ+S4=
github.com/aws/aws-sdk-go-v2 v1.41.3 h1:4kQ/fa22KjDt13QCy1+bYADvdgcxpfH18f0zP542kZA=
github.com/aws/aws-sdk-go-v2 v1.41.3/go.mod h1:mwsPRE8ceUUpiTgF7QmQIJ7lgsKUPQOUl3o72QBrE1o=
github.com/aws/aws-sdk-go-v2 v1.41.4 h1:10f50G7WyU02T56ox1wWXq+zTX9I1zxG46HYuG1hH/k=
github.com/aws/aws-sdk-go-v2 v1.41.4/go.mod h1:mwsPRE8ceUUpiTgF7QmQIJ7lgsKUPQOUl3o72QBrE1o=
github.com/aws/aws-sdk-go-v2 v1.41.5 h1:dj5kopbwUsVUVFgO4Fi5BIT3t4WyqIDjGKCangnV/yY=
github.com/aws/aws-sdk-go-v2 v1.41.5/go.mod h1:mwsPRE8ceUUpiTgF7QmQIJ7lgsKUPQOUl3o72QBrE1o=
github.com/aws/aws-sdk-go-v2/aws/protocol/eventstream v1.7.4 h1:489krEF9xIGkOaaX3CE/Be2uWjiXrkCH6gUX+bZA/BU=
github.com/aws/aws-sdk-go-v2/aws/protocol/eventstream v1.7.4/go.mod h1:IOAPF6oT9KCsceNTvvYMNHy0+kMF8akOjeDvPENWxp4=
github.com/aws/aws-sdk-go-v2/aws/protocol/eventstream v1.7.5 h1:zWFmPmgw4sveAYi1mRqG+E/g0461cJ5M4bJ8/nc6d3Q=
github.com/aws/aws-sdk-go-v2/aws/protocol/eventstream v1.7.5/go.mod h1:nVUlMLVV8ycXSb7mSkcNu9e3v/1TJq2RTlrPwhYWr5c=
github.com/aws/aws-sdk-go-v2/aws/protocol/eventstream v1.7.6 h1:N4lRUXZpZ1KVEUn6hxtco/1d2lgYhNn1fHkkl8WhlyQ=
github.com/aws/aws-sdk-go-v2/aws/protocol/eventstream v1.7.6/go.mod h1:lyw7GFp3qENLh7kwzf7iMzAxDn+NzjXEAGjKS2UOKqI=
github.com/aws/aws-sdk-go-v2/aws/protocol/eventstream v1.7.7 h1:3kGOqnh1pPeddVa/E37XNTaWJ8W6vrbYV9lJEkCnhuY=
github.com/aws/aws-sdk-go-v2/aws/protocol/eventstream v1.7.7/go.mod h1:lyw7GFp3qENLh7kwzf7iMzAxDn+NzjXEAGjKS2UOKqI=
github.com/aws/aws-sdk-go-v2/aws/protocol/eventstream v1.7.8 h1:eBMB84YGghSocM7PsjmmPffTa+1FBUeNvGvFou6V/4o=
github.com/aws/aws-sdk-go-v2/aws/protocol/eventstream v1.7.8/go.mod h1:lyw7GFp3qENLh7kwzf7iMzAxDn+NzjXEAGjKS2UOKqI=
github.com/aws/aws-sdk-go-v2/config v1.32.7 h1:vxUyWGUwmkQ2g19n7JY/9YL8MfAIl7bTesIUykECXmY=
github.com/aws/aws-sdk-go-v2/config v1.32.7/go.mod h1:2/Qm5vKUU/r7Y+zUk/Ptt2MDAEKAfUtKc1+3U1Mo3oY=
github.com/aws/aws-sdk-go-v2/credentials v1.19.7 h1:tHK47VqqtJxOymRrNtUXN5SP/zUTvZKeLx4tH6PGQc8=
github.com/aws/aws-sdk-go-v2/credentials v1.19.7/go.mod h1:qOZk8sPDrxhf+4Wf4oT2urYJrYt3RejHSzgAquYeppw=
github.com/aws/aws-sdk-go-v2/credentials v1.19.8 h1:Jp2JYH1lRT3KhX4mshHPvVYsR5qqRec3hGvEarNYoR0=
github.com/aws/aws-sdk-go-v2/credentials v1.19.8/go.mod h1:fZG9tuvyVfxknv1rKibIz3DobRaFw1Poe8IKtXB3XYY=
github.com/aws/aws-sdk-go-v2/credentials v1.19.9 h1:sWvTKsyrMlJGEuj/WgrwilpoJ6Xa1+KhIpGdzw7mMU8=
github.com/aws/aws-sdk-go-v2/credentials v1.19.9/go.mod h1:+J44MBhmfVY/lETFiKI+klz0Vym2aCmIjqgClMmW82w=
github.com/aws/aws-sdk-go-v2/credentials v1.19.10 h1:EEhmEUFCE1Yhl7vDhNOI5OCL/iKMdkkYFTRpZXNw7m8=
github.com/aws/aws-sdk-go-v2/credentials v1.19.10/go.mod h1:RnnlFCAlxQCkN2Q379B67USkBMu1PipEEiibzYN5UTE=
github.com/aws/aws-sdk-go-v2/credentials v1.19.11 h1:NdV8cwCcAXrCWyxArt58BrvZJ9pZ9Fhf9w6Uh5W3Uyc=
github.com/aws/aws-sdk-go-v2/credentials v1.19.11/go.mod h1:30yY2zqkMPdrvxBqzI9xQCM+WrlrZKSOpSJEsylVU+8=
github.com/aws/aws-sdk-go-v2/credentials v1.19.12 h1:oqtA6v+y5fZg//tcTWahyN9PEn5eDU/Wpvc2+kJ4aY8=
github.com/aws/aws-sdk-go-v2/credentials v1.19.12/go.mod h1:U3R1RtSHx6NB0DvEQFGyf/0sbrpJrluENHdPy1j/3TE=
github.com/aws/aws-sdk-go-v2/credentials v1.19.13 h1:mA59E3fokBvyEGHKFdnpNNrvaR351cqiHgRg+JzOSRI=
github.com/aws/aws-sdk-go-v2/credentials v1.19.13/go.mod h1:yoTXOQKea18nrM69wGF9jBdG4WocSZA1h38A+t/MAsk=
github.com/aws/aws-sdk-go-v2/credentials v1.19.14 h1:n+UcGWAIZHkXzYt87uMFBv/l8THYELoX6gVcUvgl6fI=
github.com/aws/aws-sdk-go-v2/credentials v1.19.14/go.mod h1:cJKuyWB59Mqi0jM3nFYQRmnHVQIcgoxjEMAbLkpr62w=
github.com/aws/aws-sdk-go-v2/feature/ec2/imds v1.18.17 h1:I0GyV8wiYrP8XpA70g1HBcQO1JlQxCMTW9npl5UbDHY=
github.com/aws/aws-sdk-go-v2/feature/ec2/imds v1.18.17/go.mod h1:tyw7BOl5bBe/oqvoIeECFJjMdzXoa/dfVz3QQ5lgHGA=
github.com/aws/aws-sdk-go-v2/feature/s3/manager v1.20.19 h1:Gxj3kAlmM+a/VVO4YNsmgHGVUZhSxs0tuVwLIxZBCtM=
github.com/aws/aws-sdk-go-v2/feature/s3/manager v1.20.19/go.mod h1:XGq5kImVqQT4HUNbbG+0Y8O74URsPNH7CGPg1s1HW5E=
github.com/aws/aws-sdk-go-v2/feature/s3/manager v1.21.0 h1:pQZGI0qQXeCHZHMeWzhwPu+4jkWrdrIb2dgpG4OKmco=
github.com/aws/aws-sdk-go-v2/feature/s3/manager v1.21.0/go.mod h1:XGq5kImVqQT4HUNbbG+0Y8O74URsPNH7CGPg1s1HW5E=
github.com/aws/aws-sdk-go-v2/feature/s3/manager v1.21.1 h1:1hWFp+52Vq8Fevy/KUhbW/1MEApMz7uitCF/PQXRJpk=
github.com/aws/aws-sdk-go-v2/feature/s3/manager v1.21.1/go.mod h1:sIec8j802/rCkCKgZV678HFR0s7lhQUYXT77tIvlaa4=
github.com/aws/aws-sdk-go-v2/feature/s3/manager v1.22.0 h1:MpkX8EjkwuvyuX9B7+Zgk5M4URb2WQ84Y6jM81n5imw=
github.com/aws/aws-sdk-go-v2/feature/s3/manager v1.22.0/go.mod h1:4V9Pv5sFfMPWQF0Q0zYN6BlV/504dFGaTeogallRqQw=
github.com/aws/aws-sdk-go-v2/feature/s3/manager v1.22.1 h1:IbWiN670htmBioc+Zj32vSpJgQ2+OYSlvTvfQ1nCORQ=
github.com/aws/aws-sdk-go-v2/feature/s3/manager v1.22.1/go.mod h1:tw/B596EUhBWDFGdDGuLC21fVU4A3s4/5Efy8S39W18=
github.com/aws/aws-sdk-go-v2/feature/s3/manager v1.22.2 h1:1i1SUOTLk0TbMh7+eJYxgv1r1f47BfR69LL6yaELoI0=
github.com/aws/aws-sdk-go-v2/feature/s3/manager v1.22.2/go.mod h1:bo7DhmS/OyVeAJTC768nEk92YKWskqJ4gn0gB5e59qQ=
github.com/aws/aws-sdk-go-v2/feature/s3/manager v1.22.3 h1:+mQ8NQBh7B7c2FBtppRnwkrmuwFON1XQQ+5yblomZKk=
github.com/aws/aws-sdk-go-v2/feature/s3/manager v1.22.3/go.mod h1:u67RKh3BRmS4FYLH+rN3N4T5fqpd9m2ttAwBJYEdosU=
github.com/aws/aws-sdk-go-v2/feature/s3/manager v1.22.4 h1:s8fbFscel8NLpnz+ggR7ncW+lqhXIkmyHbgbPeT8yyM=
github.com/aws/aws-sdk-go-v2/feature/s3/manager v1.22.4/go.mod h1:BazuWe/q/mMJ/NrSJBTbNBJiLq6u8reodbEZ4giRms4=
github.com/aws/aws-sdk-go-v2/feature/s3/manager v1.22.5 h1:4nC6vsVBU6vClZxxF6XLEozLUY/PgUCXYlGGB/VaC8M=
github.com/aws/aws-sdk-go-v2/feature/s3/manager v1.22.5/go.mod h1:N5c+La/yy7H4YnF9rFgUqwgbfw+MloWoCHQ0RJH2EBE=
github.com/aws/aws-sdk-go-v2/feature/s3/manager v1.22.6 h1:xuOfOJR0SPBrHhzAXZ5c+8i1KyJ+aUVJ2cl8DT16qH4=
github.com/aws/aws-sdk-go-v2/feature/s3/manager v1.22.6/go.mod h1:rUVOV4y5upo55JxPss99p9FaN9BvqUjFgE/N54tvLuE=
github.com/aws/aws-sdk-go-v2/feature/s3/manager v1.22.7 h1:U1bRnGCibeRlgswAtU0OjsIy+3yQZGBJQoRvTz2m47k=
github.com/aws/aws-sdk-go-v2/feature/s3/manager v1.22.7/go.mod h1:o468HQR7wpjYUtIHLk7hMnk+1wya63m32Z4DnGqQJe0=
github.com/aws/aws-sdk-go-v2/feature/s3/manager v1.22.8 h1:nuc44j+otOY0d1e+CWwB6zul57d2YEGlgCyiq3SL0lI=
github.com/aws/aws-sdk-go-v2/feature/s3/manager v1.22.8/go.mod h1:qSFgGCN8fjdhvlLhTPZdWRWXbwfeZZWF2FEaIplYPhE=
github.com/aws/aws-sdk-go-v2/feature/s3/manager v1.22.9 h1:qNexWvHcEq5UBNB3Osq8yet8fJrjSCVGYCqnATVlUS8=
github.com/aws/aws-sdk-go-v2/feature/s3/manager v1.22.9/go.mod h1:bxoMfaDHGFMTpehzfafog+gldxwiiaksMGAroU2lIIg=
github.com/aws/aws-sdk-go-v2/feature/s3/manager v1.22.10 h1:GHKiUsNpMVIrrf4v+IvC56VfCB0LeZ6FUFpMUDIckSI=
github.com/aws/aws-sdk-go-v2/feature/s3/manager v1.22.10/go.mod h1:wGl2ts9ULQknI/BNi3VzcRFv3ebvOViQdtyxaMpBzzI=
github.com/aws/aws-sdk-go-v2/feature/s3/manager v1.22.11 h1:389etN1xVFox972wTlppZOhdE9hviegagWS00FK6D+4=
github.com/aws/aws-sdk-go-v2/feature/s3/manager v1.22.11/go.mod h1:w47JHXVTLCfgMR5ogaztz9jgOgOuBhorYB4RScKfMXw=
github.com/aws/aws-sdk-go-v2/feature/s3/manager v1.22.12 h1:vhbHvVM9Til68SOR3Dds7zi51PaUlzexmh4Lf/uv+Ok=
github.com/aws/aws-sdk-go-v2/feature/s3/manager v1.22.12/go.mod h1:jq4soyz7xX5bfkxVKQu1BwkopF2QbQUTs5n7iIg3D8Q=
github.com/aws/aws-sdk-go-v2/feature/s3/manager v1.22.13 h1:uMC4oL6G3MNhodo358QEqSDjrgvzV3TUQ58nyQSGq2E=
github.com/aws/aws-sdk-go-v2/feature/s3/manager v1.22.13/go.mod h1:Cer86AE2686DvVUe57LPve3jUBmbujuaonSX8pNzGgw=
github.com/aws/aws-sdk-go-v2/feature/s3/manager v1.22.14 h1:wSr7rcx4tyHFn8C0Due3FJELFc02u6MkfRyVChkqAt4=
github.com/aws/aws-sdk-go-v2/feature/s3/manager v1.22.14/go.mod h1:2FslH0Y9FIQw4YKs3TVb5zEK66FvWvVPYNPqPmqWZqs=
github.com/aws/aws-sdk-go-v2/internal/configsources v1.4.17 h1:xOLELNKGp2vsiteLsvLPwxC+mYmO6OZ8PYgiuPJzF8U=
github.com/aws/aws-sdk-go-v2/internal/configsources v1.4.17/go.mod h1:5M5CI3D12dNOtH3/mk6minaRwI2/37ifCURZISxA/IQ=
github.com/aws/aws-sdk-go-v2/internal/configsources v1.4.18 h1:F43zk1vemYIqPAwhjTjYIz0irU2EY7sOb/F5eJ3HuyM=
github.com/aws/aws-sdk-go-v2/internal/configsources v1.4.18/go.mod h1:w1jdlZXrGKaJcNoL+Nnrj+k5wlpGXqnNrKoP22HvAug=
github.com/aws/aws-sdk-go-v2/internal/configsources v1.4.19 h1:/sECfyq2JTifMI2JPyZ4bdRN77zJmr6SrS1eL3augIA=
github.com/aws/aws-sdk-go-v2/internal/configsources v1.4.19/go.mod h1:dMf8A5oAqr9/oxOfLkC/c2LU/uMcALP0Rgn2BD5LWn0=
github.com/aws/aws-sdk-go-v2/internal/configsources v1.4.20 h1:CNXO7mvgThFGqOFgbNAP2nol2qAWBOGfqR/7tQlvLmc=
github.com/aws/aws-sdk-go-v2/internal/configsources v1.4.20/go.mod h1:oydPDJKcfMhgfcgBUZaG+toBbwy8yPWubJXBVERtI4o=
github.com/aws/aws-sdk-go-v2/internal/configsources v1.4.21 h1:Rgg6wvjjtX8bNHcvi9OnXWwcE0a2vGpbwmtICOsvcf4=
github.com/aws/aws-sdk-go-v2/internal/configsources v1.4.21/go.mod h1:A/kJFst/nm//cyqonihbdpQZwiUhhzpqTsdbhDdRF9c=
github.com/aws/aws-sdk-go-v2/internal/endpoints/v2 v2.7.17 h1:WWLqlh79iO48yLkj1v3ISRNiv+3KdQoZ6JWyfcsyQik=
github.com/aws/aws-sdk-go-v2/internal/endpoints/v2 v2.7.17/go.mod h1:EhG22vHRrvF8oXSTYStZhJc1aUgKtnJe+aOiFEV90cM=
github.com/aws/aws-sdk-go-v2/internal/endpoints/v2 v2.7.18 h1:xCeWVjj0ki0l3nruoyP2slHsGArMxeiiaoPN5QZH6YQ=
github.com/aws/aws-sdk-go-v2/internal/endpoints/v2 v2.7.18/go.mod h1:r/eLGuGCBw6l36ZRWiw6PaZwPXb6YOj+i/7MizNl5/k=
github.com/aws/aws-sdk-go-v2/internal/endpoints/v2 v2.7.19 h1:AWeJMk33GTBf6J20XJe6qZoRSJo0WfUhsMdUKhoODXE=
github.com/aws/aws-sdk-go-v2/internal/endpoints/v2 v2.7.19/go.mod h1:+GWrYoaAsV7/4pNHpwh1kiNLXkKaSoppxQq9lbH8Ejw=
github.com/aws/aws-sdk-go-v2/internal/endpoints/v2 v2.7.20 h1:tN6W/hg+pkM+tf9XDkWUbDEjGLb+raoBMFsTodcoYKw=
github.com/aws/aws-sdk-go-v2/internal/endpoints/v2 v2.7.20/go.mod h1:YJ898MhD067hSHA6xYCx5ts/jEd8BSOLtQDL3iZsvbc=
github.com/aws/aws-sdk-go-v2/internal/endpoints/v2 v2.7.21 h1:PEgGVtPoB6NTpPrBgqSE5hE/o47Ij9qk/SEZFbUOe9A=
github.com/aws/aws-sdk-go-v2/internal/endpoints/v2 v2.7.21/go.mod h1:p+hz+PRAYlY3zcpJhPwXlLC4C+kqn70WIHwnzAfs6ps=
github.com/aws/aws-sdk-go-v2/internal/ini v1.8.4 h1:WKuaxf++XKWlHWu9ECbMlha8WOEGm0OUEZqm4K/Gcfk=
github.com/aws/aws-sdk-go-v2/internal/ini v1.8.4/go.mod h1:ZWy7j6v1vWGmPReu0iSGvRiise4YI5SkR3OHKTZ6Wuc=
github.com/aws/aws-sdk-go-v2/internal/v4a v1.4.17 h1:JqcdRG//czea7Ppjb+g/n4o8i/R50aTBHkA7vu0lK+k=
github.com/aws/aws-sdk-go-v2/internal/v4a v1.4.17/go.mod h1:CO+WeGmIdj/MlPel2KwID9Gt7CNq4M65HUfBW97liM0=
github.com/aws/aws-sdk-go-v2/internal/v4a v1.4.18 h1:eZioDaZGJ0tMM4gzmkNIO2aAoQd+je7Ug7TkvAzlmkU=
github.com/aws/aws-sdk-go-v2/internal/v4a v1.4.18/go.mod h1:CCXwUKAJdoWr6/NcxZ+zsiPr6oH/Q5aTooRGYieAyj4=
github.com/aws/aws-sdk-go-v2/internal/v4a v1.4.19 h1:3Y4oma5TiV7tT9wa8zRcdoXwZkGz9Q/wxbEUK7cMuAM=
github.com/aws/aws-sdk-go-v2/internal/v4a v1.4.19/go.mod h1:V1K+TeJVD5JOk3D9e5tsX2KUdL7BlB+FV6cBhdobN8c=
github.com/aws/aws-sdk-go-v2/internal/v4a v1.4.20 h1:qi3e/dmpdONhj1RyIZdi6DKKpDXS5Lb8ftr3p7cyHJc=
github.com/aws/aws-sdk-go-v2/internal/v4a v1.4.20/go.mod h1:V1K+TeJVD5JOk3D9e5tsX2KUdL7BlB+FV6cBhdobN8c=
github.com/aws/aws-sdk-go-v2/internal/v4a v1.4.21 h1:SwGMTMLIlvDNyhMteQ6r8IJSBPlRdXX5d4idhIGbkXA=
github.com/aws/aws-sdk-go-v2/internal/v4a v1.4.21/go.mod h1:UUxgWxofmOdAMuqEsSppbDtGKLfR04HGsD0HXzvhI1k=
github.com/aws/aws-sdk-go-v2/internal/v4a v1.4.22 h1:rWyie/PxDRIdhNf4DzRk0lvjVOqFJuNnO8WwaIRVxzQ=
github.com/aws/aws-sdk-go-v2/internal/v4a v1.4.22/go.mod h1:zd/JsJ4P7oGfUhXn1VyLqaRZwPmZwg44Jf2dS84Dm3Y=
github.com/aws/aws-sdk-go-v2/service/internal/accept-encoding v1.13.4 h1:0ryTNEdJbzUCEWkVXEXoqlXV72J5keC1GvILMOuD00E=
github.com/aws/aws-sdk-go-v2/service/internal/accept-encoding v1.13.4/go.mod h1:HQ4qwNZh32C3CBeO6iJLQlgtMzqeG17ziAA/3KDJFow=
github.com/aws/aws-sdk-go-v2/service/internal/accept-encoding v1.13.5 h1:CeY9LUdur+Dxoeldqoun6y4WtJ3RQtzk0JMP2gfUay0=
github.com/aws/aws-sdk-go-v2/service/internal/accept-encoding v1.13.5/go.mod h1:AZLZf2fMaahW5s/wMRciu1sYbdsikT/UHwbUjOdEVTc=
github.com/aws/aws-sdk-go-v2/service/internal/accept-encoding v1.13.6 h1:XAq62tBTJP/85lFD5oqOOe7YYgWxY9LvWq8plyDvDVg=
github.com/aws/aws-sdk-go-v2/service/internal/accept-encoding v1.13.6/go.mod h1:x0nZssQ3qZSnIcePWLvcoFisRXJzcTVvYpAAdYX8+GI=
github.com/aws/aws-sdk-go-v2/service/internal/accept-encoding v1.13.7 h1:5EniKhLZe4xzL7a+fU3C2tfUN4nWIqlLesfrjkuPFTY=
github.com/aws/aws-sdk-go-v2/service/internal/accept-encoding v1.13.7/go.mod h1:x0nZssQ3qZSnIcePWLvcoFisRXJzcTVvYpAAdYX8+GI=
github.com/aws/aws-sdk-go-v2/service/internal/checksum v1.9.8 h1:Z5EiPIzXKewUQK0QTMkutjiaPVeVYXX7KIqhXu/0fXs=
github.com/aws/aws-sdk-go-v2/service/internal/checksum v1.9.8/go.mod h1:FsTpJtvC4U1fyDXk7c71XoDv3HlRm8V3NiYLeYLh5YE=
github.com/aws/aws-sdk-go-v2/service/internal/checksum v1.9.9 h1:IJRzQTvdpjHRPItx9gzNcz7Y1F+xqAR+xiy9rr5ZYl8=
github.com/aws/aws-sdk-go-v2/service/internal/checksum v1.9.9/go.mod h1:Kzm5e6OmNH8VMkgK9t+ry5jEih4Y8whqs+1hrkxim1I=
github.com/aws/aws-sdk-go-v2/service/internal/checksum v1.9.10 h1:fJvQ5mIBVfKtiyx0AHY6HeWcRX5LGANLpq8SVR+Uazs=
github.com/aws/aws-sdk-go-v2/service/internal/checksum v1.9.10/go.mod h1:Kzm5e6OmNH8VMkgK9t+ry5jEih4Y8whqs+1hrkxim1I=
github.com/aws/aws-sdk-go-v2/service/internal/checksum v1.9.11 h1:BYf7XNsJMzl4mObARUBUib+j2tf0U//JAAtTnYqvqCw=
github.com/aws/aws-sdk-go-v2/service/internal/checksum v1.9.11/go.mod h1:aEUS4WrNk/+FxkBZZa7tVgp4pGH+kFGW40Y8rCPqt5g=
github.com/aws/aws-sdk-go-v2/service/internal/checksum v1.9.12 h1:qtJZ70afD3ISKWnoX3xB0J2otEqu3LqicRcDBqsj0hQ=
github.com/aws/aws-sdk-go-v2/service/internal/checksum v1.9.12/go.mod h1:v2pNpJbRNl4vEUWEh5ytQok0zACAKfdmKS51Hotc3pQ=
github.com/aws/aws-sdk-go-v2/service/internal/checksum v1.9.13 h1:JRaIgADQS/U6uXDqlPiefP32yXTda7Kqfx+LgspooZM=
github.com/aws/aws-sdk-go-v2/service/internal/checksum v1.9.13/go.mod h1:CEuVn5WqOMilYl+tbccq8+N2ieCy0gVn3OtRb0vBNNM=
github.com/aws/aws-sdk-go-v2/service/internal/presigned-url v1.13.17 h1:RuNSMoozM8oXlgLG/n6WLaFGoea7/CddrCfIiSA+xdY=
github.com/aws/aws-sdk-go-v2/service/internal/presigned-url v1.13.17/go.mod h1:F2xxQ9TZz5gDWsclCtPQscGpP0VUOc8RqgFM3vDENmU=
github.com/aws/aws-sdk-go-v2/service/internal/presigned-url v1.13.18 h1:LTRCYFlnnKFlKsyIQxKhJuDuA3ZkrDQMRYm6rXiHlLY=
github.com/aws/aws-sdk-go-v2/service/internal/presigned-url v1.13.18/go.mod h1:XhwkgGG6bHSd00nO/mexWTcTjgd6PjuvWQMqSn2UaEk=
github.com/aws/aws-sdk-go-v2/service/internal/presigned-url v1.13.19 h1:X1Tow7suZk9UCJHE1Iw9GMZJJl0dAnKXXP1NaSDHwmw=
github.com/aws/aws-sdk-go-v2/service/internal/presigned-url v1.13.19/go.mod h1:/rARO8psX+4sfjUQXp5LLifjUt8DuATZ31WptNJTyQA=
github.com/aws/aws-sdk-go-v2/service/internal/presigned-url v1.13.20 h1:2HvVAIq+YqgGotK6EkMf+KIEqTISmTYh5zLpYyeTo1Y=
github.com/aws/aws-sdk-go-v2/service/internal/presigned-url v1.13.20/go.mod h1:V4X406Y666khGa8ghKmphma/7C0DAtEQYhkq9z4vpbk=
github.com/aws/aws-sdk-go-v2/service/internal/presigned-url v1.13.21 h1:c31//R3xgIJMSC8S6hEVq+38DcvUlgFY0FM6mSI5oto=
github.com/aws/aws-sdk-go-v2/service/internal/presigned-url v1.13.21/go.mod h1:r6+pf23ouCB718FUxaqzZdbpYFyDtehyZcmP5KL9FkA=
github.com/aws/aws-sdk-go-v2/service/internal/s3shared v1.19.17 h1:bGeHBsGZx0Dvu/eJC0Lh9adJa3M1xREcndxLNZlve2U=
github.com/aws/aws-sdk-go-v2/service/internal/s3shared v1.19.17/go.mod h1:dcW24lbU0CzHusTE8LLHhRLI42ejmINN8Lcr22bwh/g=
github.com/aws/aws-sdk-go-v2/service/internal/s3shared v1.19.18 h1:/A/xDuZAVD2BpsS2fftFRo/NoEKQJ8YTnJDEHBy2Gtg=
github.com/aws/aws-sdk-go-v2/service/internal/s3shared v1.19.18/go.mod h1:hWe9b4f+djUQGmyiGEeOnZv69dtMSgpDRIvNMvuvzvY=
github.com/aws/aws-sdk-go-v2/service/internal/s3shared v1.19.19 h1:JnQeStZvPHFHeyky/7LbMlyQjUa+jIBj36OlWm0pzIk=
github.com/aws/aws-sdk-go-v2/service/internal/s3shared v1.19.19/go.mod h1:HGyasyHvYdFQeJhvDHfH7HXkHh57htcJGKDZ+7z+I24=
github.com/aws/aws-sdk-go-v2/service/internal/s3shared v1.19.20 h1:siU1A6xjUZ2N8zjTHSXFhB9L/2OY8Dqs0xXiLjF30jA=
github.com/aws/aws-sdk-go-v2/service/internal/s3shared v1.19.20/go.mod h1:4TLZCmVJDM3FOu5P5TJP0zOlu9zWgDWU7aUxWbr+rcw=
github.com/aws/aws-sdk-go-v2/service/internal/s3shared v1.19.21 h1:ZlvrNcHSFFWURB8avufQq9gFsheUgjVD9536obIknfM=
github.com/aws/aws-sdk-go-v2/service/internal/s3shared v1.19.21/go.mod h1:cv3TNhVrssKR0O/xxLJVRfd2oazSnZnkUeTf6ctUwfQ=
github.com/aws/aws-sdk-go-v2/service/s3 v1.95.1 h1:C2dUPSnEpy4voWFIq3JNd8gN0Y5vYGDo44eUE58a/p8=
github.com/aws/aws-sdk-go-v2/service/s3 v1.95.1/go.mod h1:5jggDlZ2CLQhwJBiZJb4vfk4f0GxWdEDruWKEJ1xOdo=
github.com/aws/aws-sdk-go-v2/service/s3 v1.96.0 h1:oeu8VPlOre74lBA/PMhxa5vewaMIMmILM+RraSyB8KA=
github.com/aws/aws-sdk-go-v2/service/s3 v1.96.0/go.mod h1:5jggDlZ2CLQhwJBiZJb4vfk4f0GxWdEDruWKEJ1xOdo=
github.com/aws/aws-sdk-go-v2/service/s3 v1.96.1 h1:giB30dEeoar5bgDnkE0q+z7cFjcHaCjulpmPVmuKR84=
github.com/aws/aws-sdk-go-v2/service/s3 v1.96.1/go.mod h1:071TH4M3botFLWDbzQLfBR7tXYi7Fs2RsXSiH7nlUlY=
github.com/aws/aws-sdk-go-v2/service/s3 v1.96.2 h1:M1A9AjcFwlxTLuf0Faj88L8Iqw0n/AJHjpZTQzMMsSc=
github.com/aws/aws-sdk-go-v2/service/s3 v1.96.2/go.mod h1:KsdTV6Q9WKUZm2mNJnUFmIoXfZux91M3sr/a4REX8e0=
github.com/aws/aws-sdk-go-v2/service/s3 v1.96.3 h1:+d0SsTvxtIJt4tSJ6wr+jrxEMDa6XeupjRv8H7Qitkk=
github.com/aws/aws-sdk-go-v2/service/s3 v1.96.3/go.mod h1:ROUNFvFWPwBlOu687WJNQ9cPvd2ccpFrnCiA1YGz50o=
github.com/aws/aws-sdk-go-v2/service/s3 v1.96.4 h1:4ExZyubQ6LQQVuF2Qp9OsfEvsTdAWh5Gfwf6PgIdLdk=
github.com/aws/aws-sdk-go-v2/service/s3 v1.96.4/go.mod h1:NF3JcMGOiARAss1ld3WGORCw71+4ExDD2cbbdKS5PpA=
github.com/aws/aws-sdk-go-v2/service/s3 v1.97.0 h1:zyKY4OxzUImu+DigelJI9o49QQv8CjREs5E1CywjtIA=
github.com/aws/aws-sdk-go-v2/service/s3 v1.97.0/go.mod h1:NF3JcMGOiARAss1ld3WGORCw71+4ExDD2cbbdKS5PpA=
github.com/aws/aws-sdk-go-v2/service/s3 v1.97.1 h1:csi9NLpFZXb9fxY7rS1xVzgPRGMt7MSNWeQ6eo247kE=
github.com/aws/aws-sdk-go-v2/service/s3 v1.97.1/go.mod h1:qXVal5H0ChqXP63t6jze5LmFalc7+ZE7wOdLtZ0LCP0=
github.com/aws/aws-sdk-go-v2/service/s3 v1.97.2 h1:MRNiP6nqa20aEl8fQ6PJpEq11b2d40b16sm4WD7QgMU=
github.com/aws/aws-sdk-go-v2/service/s3 v1.97.2/go.mod h1:FrNA56srbsr3WShiaelyWYEo70x80mXnVZ17ZZfbeqg=
github.com/aws/aws-sdk-go-v2/service/s3 v1.97.3 h1:HwxWTbTrIHm5qY+CAEur0s/figc3qwvLWsNkF4RPToo=
github.com/aws/aws-sdk-go-v2/service/s3 v1.97.3/go.mod h1:uoA43SdFwacedBfSgfFSjjCvYe8aYBS7EnU5GZ/YKMM=
github.com/aws/aws-sdk-go-v2/service/s3 v1.98.0 h1:foqo/ocQ7WqKwy3FojGtZQJo0FR4vto9qnz9VaumbCo=
github.com/aws/aws-sdk-go-v2/service/s3 v1.98.0/go.mod h1:uoA43SdFwacedBfSgfFSjjCvYe8aYBS7EnU5GZ/YKMM=
github.com/aws/aws-sdk-go-v2/service/s3 v1.99.0 h1:hlSuz394kV0vhv9drL5lhuEFbEOEP1VyQpy15qWh1Pk=
github.com/aws/aws-sdk-go-v2/service/s3 v1.99.0/go.mod h1:uoA43SdFwacedBfSgfFSjjCvYe8aYBS7EnU5GZ/YKMM=
github.com/aws/aws-sdk-go-v2/service/signin v1.0.5 h1:VrhDvQib/i0lxvr3zqlUwLwJP4fpmpyD9wYG1vfSu+Y=
github.com/aws/aws-sdk-go-v2/service/signin v1.0.5/go.mod h1:k029+U8SY30/3/ras4G/Fnv/b88N4mAfliNn08Dem4M=
github.com/aws/aws-sdk-go-v2/service/sso v1.30.9 h1:v6EiMvhEYBoHABfbGB4alOYmCIrcgyPPiBE1wZAEbqk=
github.com/aws/aws-sdk-go-v2/service/sso v1.30.9/go.mod h1:yifAsgBxgJWn3ggx70A3urX2AN49Y5sJTD1UQFlfqBw=
github.com/aws/aws-sdk-go-v2/service/ssooidc v1.35.13 h1:gd84Omyu9JLriJVCbGApcLzVR3XtmC4ZDPcAI6Ftvds=
github.com/aws/aws-sdk-go-v2/service/ssooidc v1.35.13/go.mod h1:sTGThjphYE4Ohw8vJiRStAcu3rbjtXRsdNB0TvZ5wwo=
github.com/aws/aws-sdk-go-v2/service/sts v1.41.6 h1:5fFjR/ToSOzB2OQ/XqWpZBmNvmP/pJ1jOWYlFDJTjRQ=
github.com/aws/aws-sdk-go-v2/service/sts v1.41.6/go.mod h1:qgFDZQSD/Kys7nJnVqYlWKnh0SSdMjAi0uSwON4wgYQ=
github.com/aws/smithy-go v1.24.0 h1:LpilSUItNPFr1eY85RYgTIg5eIEPtvFbskaFcmmIUnk=
github.com/aws/smithy-go v1.24.0/go.mod h1:LEj2LM3rBRQJxPZTB4KuzZkaZYnZPnvgIhb4pu07mx0=
github.com/aws/smithy-go v1.24.1 h1:VbyeNfmYkWoxMVpGUAbQumkODcYmfMRfZ8yQiH30SK0=
github.com/aws/smithy-go v1.24.1/go.mod h1:LEj2LM3rBRQJxPZTB4KuzZkaZYnZPnvgIhb4pu07mx0=
github.com/aws/smithy-go v1.24.2 h1:FzA3bu/nt/vDvmnkg+R8Xl46gmzEDam6mZ1hzmwXFng=
github.com/aws/smithy-go v1.24.2/go.mod h1:YE2RhdIuDbA5E5bTdciG9KrW3+TiEONeUWCqxX9i1Fc=
github.com/aws/smithy-go v1.24.3 h1:XgOAaUgx+HhVBoP4v8n6HCQoTRDhoMghKqw4LNHsDNg=
github.com/aws/smithy-go v1.24.3/go.mod h1:YE2RhdIuDbA5E5bTdciG9KrW3+TiEONeUWCqxX9i1Fc=
github.com/aws/smithy-go v1.25.0 h1:Sz/XJ64rwuiKtB6j98nDIPyYrV1nVNJ4YU74gttcl5U=
github.com/aws/smithy-go v1.25.0/go.mod h1:YE2RhdIuDbA5E5bTdciG9KrW3+TiEONeUWCqxX9i1Fc=
github.com/davecgh/go-spew v1.1.1 h1:vj9j/u1bqnvCEfJOwUhtlOARqs3+rkHYY13jYWTU97c=
github.com/davecgh/go-spew v1.1.1/go.mod h1:J7Y8YcW2NihsgmVo/mv3lAwl/skON4iLHjSsI+c5H38=
github.com/pmezard/go-difflib v1.0.0 h1:4DBwDE0NGyQoBHbLQYPwSUPoCMWR5BEzIk/f1lZbAQM=
github.com/pmezard/go-difflib v1.0.0/go.mod h1:iKH77koFhYxTK1pcRnkKkqfTogsbg7gZNVY4sRDYZ/4=
github.com/spf13/afero v1.15.0 h1:b/YBCLWAJdFWJTN9cLhiXXcD7mzKn9Dm86dNnfyQw1I=
github.com/spf13/afero v1.15.0/go.mod h1:NC2ByUVxtQs4b3sIUphxK0NioZnmxgyCrfzeuq8lxMg=
github.com/stretchr/testify v1.11.1 h1:7s2iGBzp5EwR7/aIZr8ao5+dra3wiQyKjjFuvgVKu7U=
github.com/stretchr/testify v1.11.1/go.mod h1:wZwfW3scLgRK+23gO65QZefKpKQRnfz6sD981Nm4B6U=
golang.org/x/text v0.28.0 h1:rhazDwis8INMIwQ4tpjLDzUhx6RlXqZNPEM0huQojng=
golang.org/x/text v0.28.0/go.mod h1:U8nCwOR8jO/marOQ0QbDiOngZVEBB7MAiitBuMjXiNU=
gopkg.in/check.v1 v0.0.0-20161208181325-20d25e280405 h1:yhCVgyC4o1eVCa2tZl7eS0r+SDo693bJlVdllGtEeKM=
gopkg.in/check.v1 v0.0.0-20161208181325-20d25e280405/go.mod h1:Co6ibVJAznAaIkqp8huTwlJQCZ016jof/cbN4VW5Yz0=
gopkg.in/yaml.v3 v3.0.1 h1:fxVm/GzAzEWqLHuvctI91KS9hhNmmWOoWu0XTYJS7CA=
gopkg.in/yaml.v3 v3.0.1/go.mod h1:K4uyk7z7BCEPqu6E+C64Yfv1cQ7kz7rIZviUmN+EgEM=
