github.com/aws/aws-sdk-go v1.30.19 h1:vRwsYgbUvC25Cb3oKXTyTYk3R5n1LRVk8zbvL4inWsc=
github.com/aws/aws-sdk-go v1.30.19/go.mod h1:5zCpMtNQVjRREroY7sYe8lOMRSxkhG6MZveU8YkpAk0=
github.com/aws/aws-sdk-go v1.31.3 h1:vJDjoM+VlM/ZEmGyaIhUXaYAtB9lra7Qhr58SSHHjPE=
github.com/aws/aws-sdk-go v1.31.3/go.mod h1:5zCpMtNQVjRREroY7sYe8lOMRSxkhG6MZveU8YkpAk0=
github.com/aws/aws-sdk-go v1.31.4 h1:YZ0uEYIWeanGuAomElHmRWMAbXVqrQixxgf2vtIjO6M=
github.com/aws/aws-sdk-go v1.31.4/go.mod h1:5zCpMtNQVjRREroY7sYe8lOMRSxkhG6MZveU8YkpAk0=
github.com/aws/aws-sdk-go v1.31.5 h1:DFA7BzTydO4etqsTja+x7UfkOKQUv1xzEluLvNk81L0=
github.com/aws/aws-sdk-go v1.31.5/go.mod h1:5zCpMtNQVjRREroY7sYe8lOMRSxkhG6MZveU8YkpAk0=
github.com/aws/aws-sdk-go v1.31.6 h1:nKjQbpXhdImctBh1e0iLg9iQW/X297LPPuY/9f92R2k=
github.com/aws/aws-sdk-go v1.31.6/go.mod h1:5zCpMtNQVjRREroY7sYe8lOMRSxkhG6MZveU8YkpAk0=
github.com/aws/aws-sdk-go v1.31.7 h1:TCA+pXKvzDMA3vVqhK21cCy5GarC8pTQb/DrVOWI3iY=
github.com/aws/aws-sdk-go v1.31.7/go.mod h1:5zCpMtNQVjRREroY7sYe8lOMRSxkhG6MZveU8YkpAk0=
github.com/aws/aws-sdk-go v1.31.8 h1:qbA8nsLYcqtGjMGDogqykuO0LyUONkP9YlsKu1SVV5M=
github.com/aws/aws-sdk-go v1.31.8/go.mod h1:5zCpMtNQVjRREroY7sYe8lOMRSxkhG6MZveU8YkpAk0=
github.com/aws/aws-sdk-go v1.31.9 h1:n+b34ydVfgC30j0Qm69yaapmjejQPW2BoDBX7Uy/tLI=
github.com/aws/aws-sdk-go v1.31.9/go.mod h1:5zCpMtNQVjRREroY7sYe8lOMRSxkhG6MZveU8YkpAk0=
github.com/aws/aws-sdk-go v1.31.10 h1:33jOMifUSdOP9pvNEOj+PGwljzunc8bJvKKNF/JuGzo=
github.com/aws/aws-sdk-go v1.31.10/go.mod h1:5zCpMtNQVjRREroY7sYe8lOMRSxkhG6MZveU8YkpAk0=
github.com/aws/aws-sdk-go v1.31.11 h1:Uz7VGg3giOV9Z4SlLdXO6RHafArHbK59vSc6mnzYjGU=
github.com/aws/aws-sdk-go v1.31.11/go.mod h1:5zCpMtNQVjRREroY7sYe8lOMRSxkhG6MZveU8YkpAk0=
github.com/aws/aws-sdk-go v1.31.12 h1:SxRRGyhlCagI0DYkhOg+FgdXGXzRTE3vEX/gsgFaiKQ=
github.com/aws/aws-sdk-go v1.31.12/go.mod h1:5zCpMtNQVjRREroY7sYe8lOMRSxkhG6MZveU8YkpAk0=
github.com/aws/aws-sdk-go v1.31.13 h1:UeWMTRTL0XAKLR7vxDL4/u7KOtz/LtfJr+lXtxN4YEQ=
github.com/aws/aws-sdk-go v1.31.13/go.mod h1:5zCpMtNQVjRREroY7sYe8lOMRSxkhG6MZveU8YkpAk0=
github.com/aws/aws-sdk-go v1.31.14 h1:uRC2riabEXPMHl1CDylsfCod5DKjiOSXhYvxg/Eb9V8=
github.com/aws/aws-sdk-go v1.31.14/go.mod h1:5zCpMtNQVjRREroY7sYe8lOMRSxkhG6MZveU8YkpAk0=
github.com/aws/aws-sdk-go v1.31.15 h1:1Ahi6nvJLg5cjO5i3U7BWh91/zOw//tqOTLpLnIeyss=
github.com/aws/aws-sdk-go v1.31.15/go.mod h1:5zCpMtNQVjRREroY7sYe8lOMRSxkhG6MZveU8YkpAk0=
github.com/aws/aws-sdk-go v1.32.0 h1:P38SNbJIasEcA9gAlz/AG309VvhNv2CfNIJXQ61Oh6I=
github.com/aws/aws-sdk-go v1.32.0/go.mod h1:5zCpMtNQVjRREroY7sYe8lOMRSxkhG6MZveU8YkpAk0=
github.com/aws/aws-sdk-go v1.32.1 h1:0dy5DkMKNPH9mLWveAWA9ZTiKIEEvJJA6fbe0eCs19k=
github.com/aws/aws-sdk-go v1.32.1/go.mod h1:5zCpMtNQVjRREroY7sYe8lOMRSxkhG6MZveU8YkpAk0=
github.com/aws/aws-sdk-go v1.32.2 h1:X5/tQ4cuqCCUZgeOh41WFh9Eq5xe32JzWe4PSE2i1ME=
github.com/aws/aws-sdk-go v1.32.2/go.mod h1:5zCpMtNQVjRREroY7sYe8lOMRSxkhG6MZveU8YkpAk0=
github.com/aws/aws-sdk-go v1.32.3 h1:E3OciOGVlJrv1gQ2T7/Oou+I9nGPB2j978THQjvZBf0=
github.com/aws/aws-sdk-go v1.32.3/go.mod h1:5zCpMtNQVjRREroY7sYe8lOMRSxkhG6MZveU8YkpAk0=
github.com/aws/aws-sdk-go v1.32.4 h1:J2OMvipVB5dPIn+VH7L5rOqM4WoTsBxOqv+I06sjYOM=
github.com/aws/aws-sdk-go v1.32.4/go.mod h1:5zCpMtNQVjRREroY7sYe8lOMRSxkhG6MZveU8YkpAk0=
github.com/aws/aws-sdk-go v1.32.5 h1:Sz0C7deIoMu5lFGTVkIN92IEZrUz1AWIDDW+9p6n1Rk=
github.com/aws/aws-sdk-go v1.32.5/go.mod h1:5zCpMtNQVjRREroY7sYe8lOMRSxkhG6MZveU8YkpAk0=
github.com/aws/aws-sdk-go v1.32.6 h1:HoswAabUWgnrUF7X/9dr4WRgrr8DyscxXvTDm7Qw/5c=
github.com/aws/aws-sdk-go v1.32.6/go.mod h1:5zCpMtNQVjRREroY7sYe8lOMRSxkhG6MZveU8YkpAk0=
github.com/aws/aws-sdk-go v1.32.7 h1:H4VgdCSF1cHw0VD8zGc98T1bGdACoLkh/vK2L6wgOUU=
github.com/aws/aws-sdk-go v1.32.7/go.mod h1:5zCpMtNQVjRREroY7sYe8lOMRSxkhG6MZveU8YkpAk0=
github.com/aws/aws-sdk-go v1.32.8 h1:ULxiQqR1eZ+k2/1gqv3GYAjkunlS7ncVU2eL801t08M=
github.com/aws/aws-sdk-go v1.32.8/go.mod h1:5zCpMtNQVjRREroY7sYe8lOMRSxkhG6MZveU8YkpAk0=
github.com/aws/aws-sdk-go v1.32.9 h1:ai+NZsCV+Z97+jqIKya49gbCObOay9FKww0/VCNuXug=
github.com/aws/aws-sdk-go v1.32.9/go.mod h1:5zCpMtNQVjRREroY7sYe8lOMRSxkhG6MZveU8YkpAk0=
github.com/aws/aws-sdk-go v1.32.10 h1:cEJTxGcBGlsM2tN36MZQKhlK93O9HrnaRs+lq2f0zN8=
github.com/aws/aws-sdk-go v1.32.10/go.mod h1:5zCpMtNQVjRREroY7sYe8lOMRSxkhG6MZveU8YkpAk0=
github.com/aws/aws-sdk-go v1.32.11 h1:1nYF+Tfccn/hnAZsuwPPMSCVUVnx3j6LKOpx/WhgH0A=
github.com/aws/aws-sdk-go v1.32.11/go.mod h1:5zCpMtNQVjRREroY7sYe8lOMRSxkhG6MZveU8YkpAk0=
github.com/aws/aws-sdk-go v1.32.12 h1:l/djCeLI4ggBFWLlYUGTqkHraoLnVMubNlLXPdEtoYc=
github.com/aws/aws-sdk-go v1.32.12/go.mod h1:5zCpMtNQVjRREroY7sYe8lOMRSxkhG6MZveU8YkpAk0=
github.com/aws/aws-sdk-go v1.32.13 h1:zzyXF7SUxJcJa3hTcYCl1/Ey+kh2N8TjK5tWnL0wieo=
github.com/aws/aws-sdk-go v1.32.13/go.mod h1:5zCpMtNQVjRREroY7sYe8lOMRSxkhG6MZveU8YkpAk0=
github.com/aws/aws-sdk-go v1.33.0 h1:Bq5Y6VTLbfnJp1IV8EL/qUU5qO1DYHda/zis/sqevkY=
github.com/aws/aws-sdk-go v1.33.0/go.mod h1:5zCpMtNQVjRREroY7sYe8lOMRSxkhG6MZveU8YkpAk0=
github.com/aws/aws-sdk-go v1.33.1 h1:yz9XmNzPshz/lhfAZvLfMnIS9HPo8+boGRcWqDVX+T0=
github.com/aws/aws-sdk-go v1.33.1/go.mod h1:5zCpMtNQVjRREroY7sYe8lOMRSxkhG6MZveU8YkpAk0=
github.com/aws/aws-sdk-go v1.33.2 h1:8TVrnPnSD7I+AmDp66xBUvS3K0J+jH09YXdrkJ34ey0=
github.com/aws/aws-sdk-go v1.33.2/go.mod h1:5zCpMtNQVjRREroY7sYe8lOMRSxkhG6MZveU8YkpAk0=
github.com/aws/aws-sdk-go v1.33.3 h1:wjhURjD/xuBBxdCan0F5yuW7qzkSlYY4/RdYGlyab9s=
github.com/aws/aws-sdk-go v1.33.3/go.mod h1:5zCpMtNQVjRREroY7sYe8lOMRSxkhG6MZveU8YkpAk0=
github.com/aws/aws-sdk-go v1.33.4 h1:lhVZe2TkSjJz26jPBCBAvJvAy70Yxxlbm/Ciw1gmyRY=
github.com/aws/aws-sdk-go v1.33.4/go.mod h1:5zCpMtNQVjRREroY7sYe8lOMRSxkhG6MZveU8YkpAk0=
github.com/aws/aws-sdk-go v1.33.5 h1:p2fr1ryvNTU6avUWLI+/H7FGv0TBIjzVM5WDgXBBv4U=
github.com/aws/aws-sdk-go v1.33.5/go.mod h1:5zCpMtNQVjRREroY7sYe8lOMRSxkhG6MZveU8YkpAk0=
github.com/aws/aws-sdk-go v1.33.6 h1:YLoUeMSx05kHwhS+HLDSpdYYpPzJMyp6hn1cWsJ6a+U=
github.com/aws/aws-sdk-go v1.33.6/go.mod h1:5zCpMtNQVjRREroY7sYe8lOMRSxkhG6MZveU8YkpAk0=
github.com/aws/aws-sdk-go v1.33.7 h1:vOozL5hmWHHriRviVTQnUwz8l05RS0rehmEFymI+/x8=
github.com/aws/aws-sdk-go v1.33.7/go.mod h1:5zCpMtNQVjRREroY7sYe8lOMRSxkhG6MZveU8YkpAk0=
github.com/aws/aws-sdk-go v1.33.8 h1:2/sOfb9oPHTRZ0lxinoaTPDcYwNa1H/SpKP4nVRBwmg=
github.com/aws/aws-sdk-go v1.33.8/go.mod h1:5zCpMtNQVjRREroY7sYe8lOMRSxkhG6MZveU8YkpAk0=
github.com/aws/aws-sdk-go v1.33.9 h1:nkC8YxL1nxwshIoO3UM2486Ph+zs7IZWjhRHjmXeCPw=
github.com/aws/aws-sdk-go v1.33.9/go.mod h1:5zCpMtNQVjRREroY7sYe8lOMRSxkhG6MZveU8YkpAk0=
github.com/aws/aws-sdk-go v1.33.10 h1:W9pAK/NlveaJXzfcehkIQD7cQStEM0z2MrmTgdDY5BE=
github.com/aws/aws-sdk-go v1.33.10/go.mod h1:5zCpMtNQVjRREroY7sYe8lOMRSxkhG6MZveU8YkpAk0=
github.com/aws/aws-sdk-go v1.33.11 h1:A7b3mNKbh/0zrhnNN/KxWD0YZJw2RImnjFXWOquYKB4=
github.com/aws/aws-sdk-go v1.33.11/go.mod h1:5zCpMtNQVjRREroY7sYe8lOMRSxkhG6MZveU8YkpAk0=
github.com/aws/aws-sdk-go v1.33.12 h1:eydMoSwfrSTD9PWKUJOiDL7+/UwDW8AjInUGVE5Llh4=
github.com/aws/aws-sdk-go v1.33.12/go.mod h1:5zCpMtNQVjRREroY7sYe8lOMRSxkhG6MZveU8YkpAk0=
github.com/aws/aws-sdk-go v1.33.13 h1:3+AsCrxxnhiUQEhWV+j3kEs7aBCIn2qkDjA+elpxYPU=
github.com/aws/aws-sdk-go v1.33.13/go.mod h1:5zCpMtNQVjRREroY7sYe8lOMRSxkhG6MZveU8YkpAk0=
github.com/aws/aws-sdk-go v1.33.14 h1:ucjyVEvtIdtn4acf+RKsgk6ybAYeMLXpGZeqoVvi7Kk=
github.com/aws/aws-sdk-go v1.33.14/go.mod h1:5zCpMtNQVjRREroY7sYe8lOMRSxkhG6MZveU8YkpAk0=
github.com/aws/aws-sdk-go v1.33.15 h1:JiYid0lBDcM12HNOND5EcaBd1namBuB5BJ4Iex0DFMw=
github.com/aws/aws-sdk-go v1.33.15/go.mod h1:5zCpMtNQVjRREroY7sYe8lOMRSxkhG6MZveU8YkpAk0=
github.com/aws/aws-sdk-go v1.33.16 h1:h/3BL2BQMEbS67BPoEo/5jD8IPGVrKBmoa4S9mBBntw=
github.com/aws/aws-sdk-go v1.33.16/go.mod h1:5zCpMtNQVjRREroY7sYe8lOMRSxkhG6MZveU8YkpAk0=
github.com/aws/aws-sdk-go v1.33.17 h1:vngPRchZs603qLtJH7lh2pBCDqiFxA9+9nDWJ5WYJ5A=
github.com/aws/aws-sdk-go v1.33.17/go.mod h1:5zCpMtNQVjRREroY7sYe8lOMRSxkhG6MZveU8YkpAk0=
github.com/aws/aws-sdk-go v1.33.18 h1:Ccy1SV2SsgJU3rfrD+SOhQ0jvuzfrFuja/oKI86ruPw=
github.com/aws/aws-sdk-go v1.33.18/go.mod h1:5zCpMtNQVjRREroY7sYe8lOMRSxkhG6MZveU8YkpAk0=
github.com/aws/aws-sdk-go v1.33.19 h1:SMna0QLInNqm+nNL9tb7OVWTqSfNYSxrCa2adnyVth4=
github.com/aws/aws-sdk-go v1.33.19/go.mod h1:5zCpMtNQVjRREroY7sYe8lOMRSxkhG6MZveU8YkpAk0=
github.com/aws/aws-sdk-go v1.33.20 h1:mtXKHmMQO6o0i2GTjyiVNZGlXqJDCUbiik0OQeMds/o=
github.com/aws/aws-sdk-go v1.33.20/go.mod h1:5zCpMtNQVjRREroY7sYe8lOMRSxkhG6MZveU8YkpAk0=
github.com/aws/aws-sdk-go v1.33.21 h1:ziUemjajvLABlnJFe+8sM3fpqlg/DNA4944rUZ05PhY=
github.com/aws/aws-sdk-go v1.33.21/go.mod h1:5zCpMtNQVjRREroY7sYe8lOMRSxkhG6MZveU8YkpAk0=
github.com/aws/aws-sdk-go v1.34.0 h1:brux2dRrlwCF5JhTL7MUT3WUwo9zfDHZZp3+g3Mvlmo=
github.com/aws/aws-sdk-go v1.34.0/go.mod h1:5zCpMtNQVjRREroY7sYe8lOMRSxkhG6MZveU8YkpAk0=
github.com/aws/aws-sdk-go v1.34.1 h1:jM0mJ9JSJyhujwxBNYKrNB8Iwp8N7J2WsQxTR4yPSck=
github.com/aws/aws-sdk-go v1.34.1/go.mod h1:5zCpMtNQVjRREroY7sYe8lOMRSxkhG6MZveU8YkpAk0=
github.com/aws/aws-sdk-go v1.34.2 h1:9vCknCdTAmmV4ht7lPuda7aJXzllXwEQyCMZKJHjBrM=
github.com/aws/aws-sdk-go v1.34.2/go.mod h1:5zCpMtNQVjRREroY7sYe8lOMRSxkhG6MZveU8YkpAk0=
github.com/aws/aws-sdk-go v1.34.3 h1:pkbLkV9Q/KY86rbV/WG+yzjNektJbjNRdsTNGtNDZcY=
github.com/aws/aws-sdk-go v1.34.3/go.mod h1:5zCpMtNQVjRREroY7sYe8lOMRSxkhG6MZveU8YkpAk0=
github.com/aws/aws-sdk-go v1.34.4 h1:Yx49/+ZMCD9YqIVsO3CsiMs4hnUnokd9otKvWYFjnYw=
github.com/aws/aws-sdk-go v1.34.4/go.mod h1:5zCpMtNQVjRREroY7sYe8lOMRSxkhG6MZveU8YkpAk0=
github.com/aws/aws-sdk-go v1.34.5 h1:FwubVVX9u+kW9qDCjVzyWOdsL+W5wPq683wMk2R2GXk=
github.com/aws/aws-sdk-go v1.34.5/go.mod h1:5zCpMtNQVjRREroY7sYe8lOMRSxkhG6MZveU8YkpAk0=
github.com/aws/aws-sdk-go v1.34.6 h1:2aPXQGkR6xeheN5dns13mSoDWeUlj4wDmfZ+8ZDHauw=
github.com/aws/aws-sdk-go v1.34.6/go.mod h1:5zCpMtNQVjRREroY7sYe8lOMRSxkhG6MZveU8YkpAk0=
github.com/aws/aws-sdk-go v1.34.7 h1:74UoHD376AS93rcGRr2Ec6hG/mTJEKT9373xiGijWzI=
github.com/aws/aws-sdk-go v1.34.7/go.mod h1:5zCpMtNQVjRREroY7sYe8lOMRSxkhG6MZveU8YkpAk0=
github.com/aws/aws-sdk-go v1.34.9 h1:cUGBW9CVdi0mS7K1hDzxIqTpfeWhpoQiguq81M1tjK0=
github.com/aws/aws-sdk-go v1.34.9/go.mod h1:5zCpMtNQVjRREroY7sYe8lOMRSxkhG6MZveU8YkpAk0=
github.com/aws/aws-sdk-go v1.34.10 h1:VU78gcf/3wA4HNEDCHidK738l7K0Bals4SJnfnvXOtY=
github.com/aws/aws-sdk-go v1.34.10/go.mod h1:5zCpMtNQVjRREroY7sYe8lOMRSxkhG6MZveU8YkpAk0=
github.com/aws/aws-sdk-go v1.34.11 h1:QF9Gp3vvgIXsp7p5cYS0t7eRkauU3zM2OW4RN6FtYp0=
github.com/aws/aws-sdk-go v1.34.11/go.mod h1:5zCpMtNQVjRREroY7sYe8lOMRSxkhG6MZveU8YkpAk0=
github.com/aws/aws-sdk-go v1.34.12 h1:7UbBEYDUa4uW0YmRnOd806MS1yoJMcaodBWDzvBShAI=
github.com/aws/aws-sdk-go v1.34.12/go.mod h1:5zCpMtNQVjRREroY7sYe8lOMRSxkhG6MZveU8YkpAk0=
github.com/aws/aws-sdk-go v1.34.13 h1:wwNWSUh4FGJxXVOVVNj2lWI8wTe5hK8sGWlK7ziEcgg=
github.com/aws/aws-sdk-go v1.34.13/go.mod h1:5zCpMtNQVjRREroY7sYe8lOMRSxkhG6MZveU8YkpAk0=
github.com/aws/aws-sdk-go v1.34.14 h1:G0jUdSDSp63P0oo/N3c/ldo7s8mYW3Kh/GPIJ+oESVQ=
github.com/aws/aws-sdk-go v1.34.14/go.mod h1:5zCpMtNQVjRREroY7sYe8lOMRSxkhG6MZveU8YkpAk0=
github.com/aws/aws-sdk-go v1.34.15 h1:+4xW7qt/rVPClUKq/5i8SMhFRTI/3uzVDIb0x5i9h9o=
github.com/aws/aws-sdk-go v1.34.15/go.mod h1:5zCpMtNQVjRREroY7sYe8lOMRSxkhG6MZveU8YkpAk0=
github.com/aws/aws-sdk-go v1.34.16 h1:22jPsMe98UX/van5Ca/5jXnyNsNpJxCJ1rw/wFAlZ+4=
github.com/aws/aws-sdk-go v1.34.16/go.mod h1:5zCpMtNQVjRREroY7sYe8lOMRSxkhG6MZveU8YkpAk0=
github.com/aws/aws-sdk-go v1.34.17 h1:9OzUgRrLmYm2mbfFx4v+2nBEg+Cvape1cvn9C3RNWTE=
github.com/aws/aws-sdk-go v1.34.17/go.mod h1:5zCpMtNQVjRREroY7sYe8lOMRSxkhG6MZveU8YkpAk0=
github.com/aws/aws-sdk-go v1.34.18 h1:Mo/Clq3u1dQFzpg8YQqBii8m+Vl3fWIfHi6kXs5wpuM=
github.com/aws/aws-sdk-go v1.34.18/go.mod h1:5zCpMtNQVjRREroY7sYe8lOMRSxkhG6MZveU8YkpAk0=
github.com/aws/aws-sdk-go v1.34.19 h1:x3MMvAJ1nfWviixEduchBSs65DgY5Y2pA2/NAcxVGOo=
github.com/aws/aws-sdk-go v1.34.19/go.mod h1:5zCpMtNQVjRREroY7sYe8lOMRSxkhG6MZveU8YkpAk0=
github.com/aws/aws-sdk-go v1.34.20 h1:D9otznteZZyN5pRyFETqveYia/85Xzk7+RaPGB1I9fE=
github.com/aws/aws-sdk-go v1.34.20/go.mod h1:5zCpMtNQVjRREroY7sYe8lOMRSxkhG6MZveU8YkpAk0=
github.com/aws/aws-sdk-go v1.34.21 h1:M97FXuiJgDHwD4mXhrIZ7RJ4xXV6uZVPvIC2qb+HfYE=
github.com/aws/aws-sdk-go v1.34.21/go.mod h1:5zCpMtNQVjRREroY7sYe8lOMRSxkhG6MZveU8YkpAk0=
github.com/aws/aws-sdk-go v1.34.22 h1:7V2sKilVVgHqdjbW+O/xaVWYfnmuLwZdF/+6JuUh6Cw=
github.com/aws/aws-sdk-go v1.34.22/go.mod h1:5zCpMtNQVjRREroY7sYe8lOMRSxkhG6MZveU8YkpAk0=
github.com/aws/aws-sdk-go v1.34.23 h1:ZUqMEJRjQUpZNA/OOhFmjWtWxD3n8XbOrC5rC1djl5s=
github.com/aws/aws-sdk-go v1.34.23/go.mod h1:5zCpMtNQVjRREroY7sYe8lOMRSxkhG6MZveU8YkpAk0=
github.com/aws/aws-sdk-go v1.34.24 h1:eTBgLksUJNLk5EwBl/lUweXjBZHbxvfcvqUxAJu7Fqg=
github.com/aws/aws-sdk-go v1.34.24/go.mod h1:5zCpMtNQVjRREroY7sYe8lOMRSxkhG6MZveU8YkpAk0=
github.com/aws/aws-sdk-go v1.34.25 h1:yHNez503p+NuQ5QdMKjwEIkwTa2u+TeUAPAqCVdFu4I=
github.com/aws/aws-sdk-go v1.34.25/go.mod h1:5zCpMtNQVjRREroY7sYe8lOMRSxkhG6MZveU8YkpAk0=
github.com/aws/aws-sdk-go v1.34.26 h1:tw4nsSfGvCDnXt2xPe8NkxIrDui+asAWinMknPLEf80=
github.com/aws/aws-sdk-go v1.34.26/go.mod h1:5zCpMtNQVjRREroY7sYe8lOMRSxkhG6MZveU8YkpAk0=
github.com/aws/aws-sdk-go v1.34.27 h1:qBqccUrlz43Zermh0U1O502bHYZsgMlBm+LUVabzBPA=
github.com/aws/aws-sdk-go v1.34.27/go.mod h1:5zCpMtNQVjRREroY7sYe8lOMRSxkhG6MZveU8YkpAk0=
github.com/aws/aws-sdk-go v1.34.28 h1:sscPpn/Ns3i0F4HPEWAVcwdIRaZZCuL7llJ2/60yPIk=
github.com/aws/aws-sdk-go v1.34.28/go.mod h1:H7NKnBqNVzoTJpGfLrQkkD+ytBA93eiDYi/+8rV9s48=
github.com/aws/aws-sdk-go v1.34.29 h1:4Yw8eC4nCXiIVmHJO5PD4oh0vI/df5o6cYTVzFV7vWA=
github.com/aws/aws-sdk-go v1.34.29/go.mod h1:H7NKnBqNVzoTJpGfLrQkkD+ytBA93eiDYi/+8rV9s48=
github.com/aws/aws-sdk-go v1.34.30 h1:izATc/E0+HcT5YHmaQVjn7GHCoqaBxn0PGo6Zq5UNFA=
github.com/aws/aws-sdk-go v1.34.30/go.mod h1:H7NKnBqNVzoTJpGfLrQkkD+ytBA93eiDYi/+8rV9s48=
github.com/aws/aws-sdk-go v1.34.31 h1:408wh5EHKzxyby8JpYfnn1w3fsF26AIU0o1kbJoRy7E=
github.com/aws/aws-sdk-go v1.34.31/go.mod h1:H7NKnBqNVzoTJpGfLrQkkD+ytBA93eiDYi/+8rV9s48=
github.com/aws/aws-sdk-go v1.34.32 h1:EHjowHEGXyLHWhcO7M7AVA+oA2c8aLE9WfRvqHwxd3A=
github.com/aws/aws-sdk-go v1.34.32/go.mod h1:H7NKnBqNVzoTJpGfLrQkkD+ytBA93eiDYi/+8rV9s48=
github.com/aws/aws-sdk-go v1.34.33 h1:ymkFm0rNPEOlgjyX3ojEd4zqzW6kGICBkqWs7LqgHtU=
github.com/aws/aws-sdk-go v1.34.33/go.mod h1:H7NKnBqNVzoTJpGfLrQkkD+ytBA93eiDYi/+8rV9s48=
github.com/aws/aws-sdk-go v1.34.34 h1:5dC0ZU0xy25+UavGNEkQ/5MOQwxXDA2YXtjCL1HfYKI=
github.com/aws/aws-sdk-go v1.34.34/go.mod h1:H7NKnBqNVzoTJpGfLrQkkD+ytBA93eiDYi/+8rV9s48=
github.com/aws/aws-sdk-go v1.35.0 h1:Pxqn1MWNfBCNcX7jrXCCTfsKpg5ms2IMUMmmcGtYJuo=
github.com/aws/aws-sdk-go v1.35.0/go.mod h1:H7NKnBqNVzoTJpGfLrQkkD+ytBA93eiDYi/+8rV9s48=
github.com/aws/aws-sdk-go v1.35.1 h1:dGBUiVpdG6Zho3taAqGJKxuhn+qIrP3OdjfrtqowDyc=
github.com/aws/aws-sdk-go v1.35.1/go.mod h1:H7NKnBqNVzoTJpGfLrQkkD+ytBA93eiDYi/+8rV9s48=
github.com/aws/aws-sdk-go v1.35.2 h1:qK+noh6b9KW+5CP1NmmWsQCUbnzucSGrjHEs69MEl6A=
github.com/aws/aws-sdk-go v1.35.2/go.mod h1:H7NKnBqNVzoTJpGfLrQkkD+ytBA93eiDYi/+8rV9s48=
github.com/aws/aws-sdk-go v1.35.3 h1:r0puXncSaAfRt7Btml2swUo74Kao+vKhO3VLjwDjK54=
github.com/aws/aws-sdk-go v1.35.3/go.mod h1:H7NKnBqNVzoTJpGfLrQkkD+ytBA93eiDYi/+8rV9s48=
github.com/aws/aws-sdk-go v1.35.4 h1:GG0sdhmzQSe4/UcF9iuQP9i+58bPRyU4OpujyzMlVjo=
github.com/aws/aws-sdk-go v1.35.4/go.mod h1:H7NKnBqNVzoTJpGfLrQkkD+ytBA93eiDYi/+8rV9s48=
github.com/aws/aws-sdk-go v1.35.5/go.mod h1:tlPOdRjfxPBpNIwqDj61rmsnA85v9jc0Ps9+muhnW+k=
github.com/aws/aws-sdk-go v1.35.6/go.mod h1:tlPOdRjfxPBpNIwqDj61rmsnA85v9jc0Ps9+muhnW+k=
github.com/aws/aws-sdk-go v1.35.7/go.mod h1:tlPOdRjfxPBpNIwqDj61rmsnA85v9jc0Ps9+muhnW+k=
github.com/aws/aws-sdk-go v1.35.8 h1:+S3BTWePYImKLh7DUJxMVm+/FQUnmHADsMzo/psHFr4=
github.com/aws/aws-sdk-go v1.35.8/go.mod h1:tlPOdRjfxPBpNIwqDj61rmsnA85v9jc0Ps9+muhnW+k=
github.com/aws/aws-sdk-go v1.35.9 h1:b1HiUpdkFLJyoOQ7zas36YHzjNHH0ivHx/G5lWBeg+U=
github.com/aws/aws-sdk-go v1.35.9/go.mod h1:tlPOdRjfxPBpNIwqDj61rmsnA85v9jc0Ps9+muhnW+k=
github.com/aws/aws-sdk-go v1.35.10 h1:FsJtrOS7P+Qmq1rPTGgS/+qC1Y9eGuAJHvAZpZlhmb4=
github.com/aws/aws-sdk-go v1.35.10/go.mod h1:tlPOdRjfxPBpNIwqDj61rmsnA85v9jc0Ps9+muhnW+k=
github.com/aws/aws-sdk-go v1.35.11 h1:LICFl2K+3Y5dMTW6PCV6ycK8fzIxs21HvDhI5A3Ee3Y=
github.com/aws/aws-sdk-go v1.35.11/go.mod h1:tlPOdRjfxPBpNIwqDj61rmsnA85v9jc0Ps9+muhnW+k=
github.com/aws/aws-sdk-go v1.35.12 h1:qpxQ/DXfgsTNSYn8mUaCgQiJkCjBP8iHKw5ju+wkucU=
github.com/aws/aws-sdk-go v1.35.12/go.mod h1:tlPOdRjfxPBpNIwqDj61rmsnA85v9jc0Ps9+muhnW+k=
github.com/aws/aws-sdk-go v1.35.13 h1:Y49GifH2czbooBMkVpoXwokur1JRBFKVLVCQzO0YsW8=
github.com/aws/aws-sdk-go v1.35.13/go.mod h1:tlPOdRjfxPBpNIwqDj61rmsnA85v9jc0Ps9+muhnW+k=
github.com/aws/aws-sdk-go v1.35.14/go.mod h1:tlPOdRjfxPBpNIwqDj61rmsnA85v9jc0Ps9+muhnW+k=
github.com/aws/aws-sdk-go v1.35.15 h1:JdQNM8hJe+9N9xP53S54NDmX8GCaZn8CCJ4LBHfom4U=
github.com/aws/aws-sdk-go v1.35.15/go.mod h1:tlPOdRjfxPBpNIwqDj61rmsnA85v9jc0Ps9+muhnW+k=
github.com/aws/aws-sdk-go v1.35.16 h1:kaYAh0lYwMUTmb/t6whBkj2nZzi3yAeQuwv0QB6dQcg=
github.com/aws/aws-sdk-go v1.35.16/go.mod h1:tlPOdRjfxPBpNIwqDj61rmsnA85v9jc0Ps9+muhnW+k=
github.com/davecgh/go-spew v1.1.0/go.mod h1:J7Y8YcW2NihsgmVo/mv3lAwl/skON4iLHjSsI+c5H38=
github.com/go-sql-driver/mysql v1.5.0/go.mod h1:DCzpHaOWr8IXmIStZouvnhqoel9Qv2LBy8hT2VhHyBg=
github.com/jmespath/go-jmespath v0.3.0 h1:OS12ieG61fsCg5+qLJ+SsW9NicxNkg3b25OyT2yCeUc=
github.com/jmespath/go-jmespath v0.3.0/go.mod h1:9QtRXoHjLGCJ5IBSaohpXITPlowMeeYCZ7fLUTSywik=
github.com/jmespath/go-jmespath v0.4.0 h1:BEgLn5cpjn8UN1mAw4NjwDrS35OdebyEtFe+9YPoQUg=
github.com/jmespath/go-jmespath v0.4.0/go.mod h1:T8mJZnbsbmF+m6zOOFylbeCJqk5+pHWvzYPziyZiYoo=
github.com/jmespath/go-jmespath/internal/testify v1.5.1/go.mod h1:L3OGu8Wl2/fWfCI6z80xFu9LTZmf1ZRjMHUOPmWr69U=
github.com/kr/fs v0.1.0/go.mod h1:FFnZGqtBN9Gxj7eW1uZ42v5BccTP0vu6NEaFoC2HwRg=
github.com/pkg/errors v0.8.1/go.mod h1:bwawxfHBFNV+L2hUp1rHADufV3IMtnDRdf1r5NINEl0=
github.com/pkg/errors v0.9.1/go.mod h1:bwawxfHBFNV+L2hUp1rHADufV3IMtnDRdf1r5NINEl0=
github.com/pkg/sftp v1.10.1/go.mod h1:lYOWFsE0bwd1+KfKJaKeuokY15vzFx25BLbzYYoAxZI=
github.com/pmezard/go-difflib v1.0.0/go.mod h1:iKH77koFhYxTK1pcRnkKkqfTogsbg7gZNVY4sRDYZ/4=
github.com/spf13/afero v1.2.2 h1:5jhuqJyZCZf2JRofRvN/nIFgIWNzPa3/Vz8mYylgbWc=
github.com/spf13/afero v1.2.2/go.mod h1:9ZxEEn6pIJ8Rxe320qSDBk6AsU0r9pR7Q4OcevTdifk=
github.com/spf13/afero v1.3.0 h1:Ysnmjh1Di8EaWaBv40CYR4IdaIsBc5996Gh1oZzCBKk=
github.com/spf13/afero v1.3.0/go.mod h1:5KUK8ByomD5Ti5Artl0RtHeI5pTF7MIDuXL3yY520V4=
github.com/spf13/afero v1.3.1 h1:GPTpEAuNr98px18yNQ66JllNil98wfRZ/5Ukny8FeQA=
github.com/spf13/afero v1.3.1/go.mod h1:5KUK8ByomD5Ti5Artl0RtHeI5pTF7MIDuXL3yY520V4=
github.com/spf13/afero v1.3.2 h1:GDarE4TJQI52kYSbSAmLiId1Elfj+xgSDqrUZxFhxlU=
github.com/spf13/afero v1.3.2/go.mod h1:5KUK8ByomD5Ti5Artl0RtHeI5pTF7MIDuXL3yY520V4=
github.com/spf13/afero v1.3.3 h1:p5gZEKLYoL7wh8VrJesMaYeNxdEd1v3cb4irOk9zB54=
github.com/spf13/afero v1.3.3/go.mod h1:5KUK8ByomD5Ti5Artl0RtHeI5pTF7MIDuXL3yY520V4=
github.com/spf13/afero v1.3.4 h1:8q6vk3hthlpb2SouZcnBVKboxWQWMDNF38bwholZrJc=
github.com/spf13/afero v1.3.4/go.mod h1:Ai8FlHk4v/PARR026UzYexafAt9roJ7LcLMAmO6Z93I=
github.com/spf13/afero v1.3.5 h1:AWZ/w4lcfxuh52NVL78p9Eh8j6r1mCTEGSRFBJyIHAE=
github.com/spf13/afero v1.3.5/go.mod h1:Ai8FlHk4v/PARR026UzYexafAt9roJ7LcLMAmO6Z93I=
github.com/spf13/afero v1.4.0 h1:jsLTaI1zwYO3vjrzHalkVcIHXTNmdQFepW4OI8H3+x8=
github.com/spf13/afero v1.4.0/go.mod h1:Ai8FlHk4v/PARR026UzYexafAt9roJ7LcLMAmO6Z93I=
github.com/spf13/afero v1.4.1 h1:asw9sl74539yqavKaglDM5hFpdJVK0Y5Dr/JOgQ89nQ=
github.com/spf13/afero v1.4.1/go.mod h1:Ai8FlHk4v/PARR026UzYexafAt9roJ7LcLMAmO6Z93I=
github.com/stretchr/objx v0.1.0/go.mod h1:HFkY916IF+rwdDfMAkV7OtwuqBVzrE8GR6GFx+wExME=
github.com/stretchr/testify v1.4.0/go.mod h1:j7eGeouHqKxXV5pUuKE4zz7dFj8WfuZ+81PSLYec5m4=
github.com/stretchr/testify v1.5.1/go.mod h1:5W2xD1RspED5o8YsWQXVCued0rvSQ+mT+I5cxcmMvtA=
golang.org/x/crypto v0.0.0-20190308221718-c2843e01d9a2/go.mod h1:djNgcEr1/C05ACkg1iLfiJU5Ep61QUkGW8qpdssI0+w=
golang.org/x/crypto v0.0.0-20190820162420-60c769a6c586/go.mod h1:yigFU9vqHzYiE8UmvKecakEJjdnWj3jj499lnFckfCI=
golang.org/x/net v0.0.0-20190404232315-eb5bcb51f2a3/go.mod h1:t9HGtf8HONx5eT2rtn7q6eTqICYqUVnKs3thJo3Qplg=
golang.org/x/net v0.0.0-20200202094626-16171245cfb2/go.mod h1:z5CRVTTTmAJ677TzLLGU+0bjPO0LkuOLi4/5GtJWs/s=
golang.org/x/sys v0.0.0-20190215142949-d0b11bdaac8a/go.mod h1:STP8DvDyc/dI5b8T5hshtkjS+E42TnysNCUPdjciGhY=
golang.org/x/sys v0.0.0-20190412213103-97732733099d/go.mod h1:h1NjWce9XRLGQEsW7wpKNCjG9DtNlClVuFLEZdDNbEs=
golang.org/x/text v0.3.0 h1:g61tztE5qeGQ89tm6NTjjM9VPIm088od1l6aSorWRWg=
golang.org/x/text v0.3.0/go.mod h1:NqM8EUOU14njkJ3fqMW+pc6Ldnwhi/IjpwHt7yyuwOQ=
golang.org/x/text v0.3.3 h1:cokOdA+Jmi5PJGXLlLllQSgYigAEfHXJAERHVMaCc2k=
golang.org/x/text v0.3.3/go.mod h1:5Zoc/QRtKVWzQhOtBMvqHzDpF6irO9z98xDceosuGiQ=
golang.org/x/tools v0.0.0-20180917221912-90fa682c2a6e/go.mod h1:n7NCudcB/nEzxVGmLbDWY5pfWTLqBcC2KZ6jyYvM4mQ=
gopkg.in/check.v1 v0.0.0-20161208181325-20d25e280405/go.mod h1:Co6ibVJAznAaIkqp8huTwlJQCZ016jof/cbN4VW5Yz0=
gopkg.in/yaml.v2 v2.2.2/go.mod h1:hI93XBmqTisBFMUTm0b8Fm+jr3Dg1NNxqwp+5A1VGuI=
gopkg.in/yaml.v2 v2.2.8/go.mod h1:hI93XBmqTisBFMUTm0b8Fm+jr3Dg1NNxqwp+5A1VGuI=
